// !$*UTF8*$!
{
	archiveVersion = 1;
	classes = {
	};
	objectVersion = 77;
	objects = {

/* Begin PBXBuildFile section */
		0E5665644590D0BEAD942112 /* PCMConverter.swift in Sources */ = {isa = PBXBuildFile; fileRef = 0B6FFF911E5F508E8B232015 /* PCMConverter.swift */; };
		17C8617125682AAE4C5ABD1E /* TimelineRingBuffer.swift in Sources */ = {isa = PBXBuildFile; fileRef = D2A2C098890FA75F28A5B051 /* TimelineRingBuffer.swift */; };
		1B8C2C5ECEC2216B46119ED4 /* HostController.swift in Sources */ = {isa = PBXBuildFile; fileRef = CD017D40A1DE2CB0077113F5 /* HostController.swift */; };
		1DB68296FC68B047081AD129 /* TimelinePlacerTests.swift in Sources */ = {isa = PBXBuildFile; fileRef = 942D6414F2BDDC832428544C /* TimelinePlacerTests.swift */; };
		2A4DA4362463760465C353CB /* BonjourBrowser.swift in Sources */ = {isa = PBXBuildFile; fileRef = 342F65005282E4810965CCAB /* BonjourBrowser.swift */; };
		2A9EA00F6AC09DD67B58D31E /* HostIdentity.swift in Sources */ = {isa = PBXBuildFile; fileRef = 1B0F502BCA0E9BE9AFF82A7F /* HostIdentity.swift */; };
		35C82F8DE9BBB7238E7D3AB6 /* TimelineRingBuffer.swift in Sources */ = {isa = PBXBuildFile; fileRef = D2A2C098890FA75F28A5B051 /* TimelineRingBuffer.swift */; };
		39DDA62B4E90F7A8983D9FEE /* ChunkAssembler.swift in Sources */ = {isa = PBXBuildFile; fileRef = BB6E6BFF1D9D750FB5976BFB /* ChunkAssembler.swift */; };
		3C71C63C1D9670B38A1B40F1 /* SystemAudioTap.swift in Sources */ = {isa = PBXBuildFile; fileRef = D2A880051C3838137B3AC49A /* SystemAudioTap.swift */; };
		4010DF0B6C0E64CAE961F295 /* AudioMeter.swift in Sources */ = {isa = PBXBuildFile; fileRef = CFEB761FD235CD38481075ED /* AudioMeter.swift */; };
		402425ADF77FB630A8B1EF66 /* EngineConstants.swift in Sources */ = {isa = PBXBuildFile; fileRef = 11D1B1F14D823222FAC2418E /* EngineConstants.swift */; };
		4147DD012E9C52E629A63ADD /* PCMConverter.swift in Sources */ = {isa = PBXBuildFile; fileRef = 0B6FFF911E5F508E8B232015 /* PCMConverter.swift */; };
		4CE4C17FDE82179F17D3AACD /* cozyplayApp.swift in Sources */ = {isa = PBXBuildFile; fileRef = 0A40F1F0C474B8D84913A6B4 /* cozyplayApp.swift */; };
		4ECF5499D748709E31D15D4C /* DeviceTileView.swift in Sources */ = {isa = PBXBuildFile; fileRef = 5F98C7442D6AFA76C9E2AEDB /* DeviceTileView.swift */; };
		55EC09F57BF939408F769BA5 /* AppSettings.swift in Sources */ = {isa = PBXBuildFile; fileRef = FCB06945DDB8C014E5F35922 /* AppSettings.swift */; };
		59E3758AF7123ED13C069FEA /* WireProtocol.swift in Sources */ = {isa = PBXBuildFile; fileRef = 39F9E7E9DAC361DC19E2F2CC /* WireProtocol.swift */; };
		5E17CD5B89B369A7A82062F4 /* PlaybackEngine.swift in Sources */ = {isa = PBXBuildFile; fileRef = 87313636070F8F8E1D5D0EAC /* PlaybackEngine.swift */; };
		6D939752599C5A900E921C8A /* SettingsView.swift in Sources */ = {isa = PBXBuildFile; fileRef = 541B42AC68F1A0FEBD0ECC53 /* SettingsView.swift */; };
		71207BDFFCECAAE68DCE9EDC /* StreamClient.swift in Sources */ = {isa = PBXBuildFile; fileRef = 270AA8BAE2EE8A74E1898FDF /* StreamClient.swift */; };
		743CCF58A72A94C9DAEA64C2 /* ClockSyncSpike.swift in Sources */ = {isa = PBXBuildFile; fileRef = 0555B1D52820CEEB9B3F832C /* ClockSyncSpike.swift */; };
		74E6439D4DAB9BFBA3AA5B39 /* StreamClient.swift in Sources */ = {isa = PBXBuildFile; fileRef = 270AA8BAE2EE8A74E1898FDF /* StreamClient.swift */; };
		79B322889F654897945948B4 /* HostClock.swift in Sources */ = {isa = PBXBuildFile; fileRef = C3C0BA465C461BD7E3703A87 /* HostClock.swift */; };
		7CCF92DC1DA8CF17ABBB3955 /* Speaker.swift in Sources */ = {isa = PBXBuildFile; fileRef = 6026B661C662AFCF34F9314B /* Speaker.swift */; };
		87C24DE5E1220C685CFEDD25 /* ClockSyncSpike.swift in Sources */ = {isa = PBXBuildFile; fileRef = 0555B1D52820CEEB9B3F832C /* ClockSyncSpike.swift */; };
		88E35DB661F91735A7275461 /* HostIdentity.swift in Sources */ = {isa = PBXBuildFile; fileRef = 1B0F502BCA0E9BE9AFF82A7F /* HostIdentity.swift */; };
		89FACB97E929617DAD7CBA16 /* Speaker.swift in Sources */ = {isa = PBXBuildFile; fileRef = 6026B661C662AFCF34F9314B /* Speaker.swift */; };
		8C63558738154142082352E5 /* AudioServer.swift in Sources */ = {isa = PBXBuildFile; fileRef = A4E48DE535FFCCB1E10DE439 /* AudioServer.swift */; };
		8FD8D8331A4920DC94FF13CB /* TimelinePlacer.swift in Sources */ = {isa = PBXBuildFile; fileRef = 5E2EF7D0CC2669EC63E25C0C /* TimelinePlacer.swift */; };
		94F14E4E45D478E5EED35AA1 /* Party.swift in Sources */ = {isa = PBXBuildFile; fileRef = A1492F8A6403FE099E38F3CD /* Party.swift */; };
		9B2949A3A6833D5757E84A32 /* HostClock.swift in Sources */ = {isa = PBXBuildFile; fileRef = C3C0BA465C461BD7E3703A87 /* HostClock.swift */; };
		9B3A5D56348811107DB50A58 /* AppState.swift in Sources */ = {isa = PBXBuildFile; fileRef = C2046BA0B94357FBFCC77411 /* AppState.swift */; };
		9E4497EDA2768F7CF1AB2A62 /* RolePickerView.swift in Sources */ = {isa = PBXBuildFile; fileRef = 2740C24DEDF110C83A967D83 /* RolePickerView.swift */; };
		9FA1ED3FEF3AE0315DE9C70F /* SystemAudioTap.swift in Sources */ = {isa = PBXBuildFile; fileRef = D2A880051C3838137B3AC49A /* SystemAudioTap.swift */; };
		AFE327447E4F96C3C1200018 /* JoinView.swift in Sources */ = {isa = PBXBuildFile; fileRef = D92121F282E73398A9BB9DCA /* JoinView.swift */; };
		B883A7FE96CA8F4C8D866865 /* EngineConstants.swift in Sources */ = {isa = PBXBuildFile; fileRef = 11D1B1F14D823222FAC2418E /* EngineConstants.swift */; };
		C78E1AE1C7F05D2DCBF30C1B /* JoinController.swift in Sources */ = {isa = PBXBuildFile; fileRef = 7EE023D04D0173850C9E4125 /* JoinController.swift */; };
		C858253370A52F8B2634E490 /* SyncClockTests.swift in Sources */ = {isa = PBXBuildFile; fileRef = FF90D635D2718C66F3F46450 /* SyncClockTests.swift */; };
		D22D22E4762035D9963F95A0 /* WireProtocolTests.swift in Sources */ = {isa = PBXBuildFile; fileRef = DA0886F7096FFCDA4CBD717C /* WireProtocolTests.swift */; };
		D977DF77E3845348F46F027E /* BonjourBrowser.swift in Sources */ = {isa = PBXBuildFile; fileRef = 342F65005282E4810965CCAB /* BonjourBrowser.swift */; };
		DD926FCC5C69BE9ED7BA2F6B /* HostView.swift in Sources */ = {isa = PBXBuildFile; fileRef = 4B5930375862508EC41DC024 /* HostView.swift */; };
		E47A8FF708963174AED7E444 /* SyncClock.swift in Sources */ = {isa = PBXBuildFile; fileRef = F0611C6D2A6A29AA50F2B4A8 /* SyncClock.swift */; };
		E4FBE817F4D52F7BCC5A4EB7 /* SyncClock.swift in Sources */ = {isa = PBXBuildFile; fileRef = F0611C6D2A6A29AA50F2B4A8 /* SyncClock.swift */; };
		EA5290966675CE85129F1001 /* PlaybackEngine.swift in Sources */ = {isa = PBXBuildFile; fileRef = 87313636070F8F8E1D5D0EAC /* PlaybackEngine.swift */; };
		EAA7C4488FC25DDCDE194FF2 /* ChunkAssembler.swift in Sources */ = {isa = PBXBuildFile; fileRef = BB6E6BFF1D9D750FB5976BFB /* ChunkAssembler.swift */; };
		ECC88E956FA8645B1CB3EC78 /* TimelinePlacer.swift in Sources */ = {isa = PBXBuildFile; fileRef = 5E2EF7D0CC2669EC63E25C0C /* TimelinePlacer.swift */; };
		ECCAB128F32062CE81B7949C /* WireProtocol.swift in Sources */ = {isa = PBXBuildFile; fileRef = 39F9E7E9DAC361DC19E2F2CC /* WireProtocol.swift */; };
		F3EF16B58A942C6594F0149B /* AudioMeter.swift in Sources */ = {isa = PBXBuildFile; fileRef = CFEB761FD235CD38481075ED /* AudioMeter.swift */; };
		F4BEAE877907F7B8DC0A377E /* AudioServer.swift in Sources */ = {isa = PBXBuildFile; fileRef = A4E48DE535FFCCB1E10DE439 /* AudioServer.swift */; };
		F8D12240D24DCB4FADFB5D5D /* Party.swift in Sources */ = {isa = PBXBuildFile; fileRef = A1492F8A6403FE099E38F3CD /* Party.swift */; };
		FF47A9E95932D0ED37E1C806 /* EngineBufferTests.swift in Sources */ = {isa = PBXBuildFile; fileRef = 214E3C41F76734E74B21C19B /* EngineBufferTests.swift */; };
/* End PBXBuildFile section */

/* Begin PBXFileReference section */
		0555B1D52820CEEB9B3F832C /* ClockSyncSpike.swift */ = {isa = PBXFileReference; lastKnownFileType = sourcecode.swift; path = ClockSyncSpike.swift; sourceTree = "<group>"; };
		0A40F1F0C474B8D84913A6B4 /* cozyplayApp.swift */ = {isa = PBXFileReference; lastKnownFileType = sourcecode.swift; path = cozyplayApp.swift; sourceTree = "<group>"; };
		0B6FFF911E5F508E8B232015 /* PCMConverter.swift */ = {isa = PBXFileReference; lastKnownFileType = sourcecode.swift; path = PCMConverter.swift; sourceTree = "<group>"; };
		11D1B1F14D823222FAC2418E /* EngineConstants.swift */ = {isa = PBXFileReference; lastKnownFileType = sourcecode.swift; path = EngineConstants.swift; sourceTree = "<group>"; };
		1B0F502BCA0E9BE9AFF82A7F /* HostIdentity.swift */ = {isa = PBXFileReference; lastKnownFileType = sourcecode.swift; path = HostIdentity.swift; sourceTree = "<group>"; };
		214E3C41F76734E74B21C19B /* EngineBufferTests.swift */ = {isa = PBXFileReference; lastKnownFileType = sourcecode.swift; path = EngineBufferTests.swift; sourceTree = "<group>"; };
		270AA8BAE2EE8A74E1898FDF /* StreamClient.swift */ = {isa = PBXFileReference; lastKnownFileType = sourcecode.swift; path = StreamClient.swift; sourceTree = "<group>"; };
		2740C24DEDF110C83A967D83 /* RolePickerView.swift */ = {isa = PBXFileReference; lastKnownFileType = sourcecode.swift; path = RolePickerView.swift; sourceTree = "<group>"; };
		342F65005282E4810965CCAB /* BonjourBrowser.swift */ = {isa = PBXFileReference; lastKnownFileType = sourcecode.swift; path = BonjourBrowser.swift; sourceTree = "<group>"; };
		39F9E7E9DAC361DC19E2F2CC /* WireProtocol.swift */ = {isa = PBXFileReference; lastKnownFileType = sourcecode.swift; path = WireProtocol.swift; sourceTree = "<group>"; };
		4B5930375862508EC41DC024 /* HostView.swift */ = {isa = PBXFileReference; lastKnownFileType = sourcecode.swift; path = HostView.swift; sourceTree = "<group>"; };
		541B42AC68F1A0FEBD0ECC53 /* SettingsView.swift */ = {isa = PBXFileReference; lastKnownFileType = sourcecode.swift; path = SettingsView.swift; sourceTree = "<group>"; };
		5E2EF7D0CC2669EC63E25C0C /* TimelinePlacer.swift */ = {isa = PBXFileReference; lastKnownFileType = sourcecode.swift; path = TimelinePlacer.swift; sourceTree = "<group>"; };
		5F98C7442D6AFA76C9E2AEDB /* DeviceTileView.swift */ = {isa = PBXFileReference; lastKnownFileType = sourcecode.swift; path = DeviceTileView.swift; sourceTree = "<group>"; };
		6026B661C662AFCF34F9314B /* Speaker.swift */ = {isa = PBXFileReference; lastKnownFileType = sourcecode.swift; path = Speaker.swift; sourceTree = "<group>"; };
		7EE023D04D0173850C9E4125 /* JoinController.swift */ = {isa = PBXFileReference; lastKnownFileType = sourcecode.swift; path = JoinController.swift; sourceTree = "<group>"; };
		87313636070F8F8E1D5D0EAC /* PlaybackEngine.swift */ = {isa = PBXFileReference; lastKnownFileType = sourcecode.swift; path = PlaybackEngine.swift; sourceTree = "<group>"; };
		8B733E26D6177784E5398556 /* cozyplayTests.xctest */ = {isa = PBXFileReference; explicitFileType = wrapper.cfbundle; includeInIndex = 0; path = cozyplayTests.xctest; sourceTree = BUILT_PRODUCTS_DIR; };
		942D6414F2BDDC832428544C /* TimelinePlacerTests.swift */ = {isa = PBXFileReference; lastKnownFileType = sourcecode.swift; path = TimelinePlacerTests.swift; sourceTree = "<group>"; };
		A1492F8A6403FE099E38F3CD /* Party.swift */ = {isa = PBXFileReference; lastKnownFileType = sourcecode.swift; path = Party.swift; sourceTree = "<group>"; };
		A4E48DE535FFCCB1E10DE439 /* AudioServer.swift */ = {isa = PBXFileReference; lastKnownFileType = sourcecode.swift; path = AudioServer.swift; sourceTree = "<group>"; };
		BB6E6BFF1D9D750FB5976BFB /* ChunkAssembler.swift */ = {isa = PBXFileReference; lastKnownFileType = sourcecode.swift; path = ChunkAssembler.swift; sourceTree = "<group>"; };
		BF4EDDA666710D4B283094A7 /* RTAtomics.h */ = {isa = PBXFileReference; lastKnownFileType = sourcecode.c.h; path = RTAtomics.h; sourceTree = "<group>"; };
		C2046BA0B94357FBFCC77411 /* AppState.swift */ = {isa = PBXFileReference; lastKnownFileType = sourcecode.swift; path = AppState.swift; sourceTree = "<group>"; };
		C3C0BA465C461BD7E3703A87 /* HostClock.swift */ = {isa = PBXFileReference; lastKnownFileType = sourcecode.swift; path = HostClock.swift; sourceTree = "<group>"; };
		CD017D40A1DE2CB0077113F5 /* HostController.swift */ = {isa = PBXFileReference; lastKnownFileType = sourcecode.swift; path = HostController.swift; sourceTree = "<group>"; };
		CFEB761FD235CD38481075ED /* AudioMeter.swift */ = {isa = PBXFileReference; lastKnownFileType = sourcecode.swift; path = AudioMeter.swift; sourceTree = "<group>"; };
		D2A2C098890FA75F28A5B051 /* TimelineRingBuffer.swift */ = {isa = PBXFileReference; lastKnownFileType = sourcecode.swift; path = TimelineRingBuffer.swift; sourceTree = "<group>"; };
		D2A880051C3838137B3AC49A /* SystemAudioTap.swift */ = {isa = PBXFileReference; lastKnownFileType = sourcecode.swift; path = SystemAudioTap.swift; sourceTree = "<group>"; };
		D47E52339D9060A4C233BB27 /* cozyplay.app */ = {isa = PBXFileReference; explicitFileType = wrapper.application; includeInIndex = 0; path = cozyplay.app; sourceTree = BUILT_PRODUCTS_DIR; };
		D92121F282E73398A9BB9DCA /* JoinView.swift */ = {isa = PBXFileReference; lastKnownFileType = sourcecode.swift; path = JoinView.swift; sourceTree = "<group>"; };
		DA0886F7096FFCDA4CBD717C /* WireProtocolTests.swift */ = {isa = PBXFileReference; lastKnownFileType = sourcecode.swift; path = WireProtocolTests.swift; sourceTree = "<group>"; };
		F0611C6D2A6A29AA50F2B4A8 /* SyncClock.swift */ = {isa = PBXFileReference; lastKnownFileType = sourcecode.swift; path = SyncClock.swift; sourceTree = "<group>"; };
		FCB06945DDB8C014E5F35922 /* AppSettings.swift */ = {isa = PBXFileReference; lastKnownFileType = sourcecode.swift; path = AppSettings.swift; sourceTree = "<group>"; };
		FF90D635D2718C66F3F46450 /* SyncClockTests.swift */ = {isa = PBXFileReference; lastKnownFileType = sourcecode.swift; path = SyncClockTests.swift; sourceTree = "<group>"; };
/* End PBXFileReference section */

/* Begin PBXGroup section */
		0BED9793B52BD19F70B0CD76 /* Tests */ = {
			isa = PBXGroup;
			children = (
				214E3C41F76734E74B21C19B /* EngineBufferTests.swift */,
				FF90D635D2718C66F3F46450 /* SyncClockTests.swift */,
				942D6414F2BDDC832428544C /* TimelinePlacerTests.swift */,
				DA0886F7096FFCDA4CBD717C /* WireProtocolTests.swift */,
			);
			path = Tests;
			sourceTree = "<group>";
		};
		18D5C12E4B38438DFBDF7A2A /* Discovery */ = {
			isa = PBXGroup;
			children = (
				342F65005282E4810965CCAB /* BonjourBrowser.swift */,
			);
			path = Discovery;
			sourceTree = "<group>";
		};
		1A27D568ED31D75E6CCAFE1E /* Products */ = {
			isa = PBXGroup;
			children = (
				D47E52339D9060A4C233BB27 /* cozyplay.app */,
				8B733E26D6177784E5398556 /* cozyplayTests.xctest */,
			);
			name = Products;
			sourceTree = "<group>";
		};
		2347ED5568DCC59B6C1BB4BF = {
			isa = PBXGroup;
			children = (
				312A21B43B31F5A8401F5A7A /* Sources */,
				0BED9793B52BD19F70B0CD76 /* Tests */,
				1A27D568ED31D75E6CCAFE1E /* Products */,
			);
			sourceTree = "<group>";
		};
		312A21B43B31F5A8401F5A7A /* Sources */ = {
			isa = PBXGroup;
			children = (
				58D01A7C50EE015B96DBA1A1 /* App */,
				DABC8CF6F11E006C91F275CE /* Audio */,
				340547476AC1828B45354308 /* Controllers */,
				18D5C12E4B38438DFBDF7A2A /* Discovery */,
				36F6123795D9ADCB1E552FCE /* Engine */,
				3EA827CAF85C80E86516FA61 /* Models */,
				EF1101F4E0911002394EA262 /* Views */,
			);
			path = Sources;
			sourceTree = "<group>";
		};
		340547476AC1828B45354308 /* Controllers */ = {
			isa = PBXGroup;
			children = (
				CD017D40A1DE2CB0077113F5 /* HostController.swift */,
				7EE023D04D0173850C9E4125 /* JoinController.swift */,
			);
			path = Controllers;
			sourceTree = "<group>";
		};
		36F6123795D9ADCB1E552FCE /* Engine */ = {
			isa = PBXGroup;
			children = (
				A4E48DE535FFCCB1E10DE439 /* AudioServer.swift */,
				BB6E6BFF1D9D750FB5976BFB /* ChunkAssembler.swift */,
				0555B1D52820CEEB9B3F832C /* ClockSyncSpike.swift */,
				11D1B1F14D823222FAC2418E /* EngineConstants.swift */,
				C3C0BA465C461BD7E3703A87 /* HostClock.swift */,
				1B0F502BCA0E9BE9AFF82A7F /* HostIdentity.swift */,
				87313636070F8F8E1D5D0EAC /* PlaybackEngine.swift */,
				BF4EDDA666710D4B283094A7 /* RTAtomics.h */,
				270AA8BAE2EE8A74E1898FDF /* StreamClient.swift */,
				F0611C6D2A6A29AA50F2B4A8 /* SyncClock.swift */,
				5E2EF7D0CC2669EC63E25C0C /* TimelinePlacer.swift */,
				D2A2C098890FA75F28A5B051 /* TimelineRingBuffer.swift */,
				39F9E7E9DAC361DC19E2F2CC /* WireProtocol.swift */,
			);
			path = Engine;
			sourceTree = "<group>";
		};
		3EA827CAF85C80E86516FA61 /* Models */ = {
			isa = PBXGroup;
			children = (
				A1492F8A6403FE099E38F3CD /* Party.swift */,
				6026B661C662AFCF34F9314B /* Speaker.swift */,
			);
			path = Models;
			sourceTree = "<group>";
		};
		58D01A7C50EE015B96DBA1A1 /* App */ = {
			isa = PBXGroup;
			children = (
				FCB06945DDB8C014E5F35922 /* AppSettings.swift */,
				C2046BA0B94357FBFCC77411 /* AppState.swift */,
				0A40F1F0C474B8D84913A6B4 /* cozyplayApp.swift */,
			);
			path = App;
			sourceTree = "<group>";
		};
		DABC8CF6F11E006C91F275CE /* Audio */ = {
			isa = PBXGroup;
			children = (
				CFEB761FD235CD38481075ED /* AudioMeter.swift */,
				0B6FFF911E5F508E8B232015 /* PCMConverter.swift */,
				D2A880051C3838137B3AC49A /* SystemAudioTap.swift */,
			);
			path = Audio;
			sourceTree = "<group>";
		};
		EF1101F4E0911002394EA262 /* Views */ = {
			isa = PBXGroup;
			children = (
				5F98C7442D6AFA76C9E2AEDB /* DeviceTileView.swift */,
				4B5930375862508EC41DC024 /* HostView.swift */,
				D92121F282E73398A9BB9DCA /* JoinView.swift */,
				2740C24DEDF110C83A967D83 /* RolePickerView.swift */,
				541B42AC68F1A0FEBD0ECC53 /* SettingsView.swift */,
			);
			path = Views;
			sourceTree = "<group>";
		};
/* End PBXGroup section */

/* Begin PBXNativeTarget section */
		265CA74A396E8899FD0B5423 /* cozyplay */ = {
			isa = PBXNativeTarget;
			buildConfigurationList = 50E933D6C972C53A9E9F4CE8 /* Build configuration list for PBXNativeTarget "cozyplay" */;
			buildPhases = (
				678602CC51BAF5557410D9A8 /* Sources */,
			);
			buildRules = (
			);
			dependencies = (
			);
			name = cozyplay;
			packageProductDependencies = (
			);
			productName = cozyplay;
			productReference = D47E52339D9060A4C233BB27 /* cozyplay.app */;
			productType = "com.apple.product-type.application";
		};
		B846B2A9719009E32CAF1E7D /* cozyplayTests */ = {
			isa = PBXNativeTarget;
			buildConfigurationList = 639E26B0012D3E98871A0CAD /* Build configuration list for PBXNativeTarget "cozyplayTests" */;
			buildPhases = (
				F99E51604283E68808339264 /* Sources */,
			);
			buildRules = (
			);
			dependencies = (
			);
			name = cozyplayTests;
			packageProductDependencies = (
			);
			productName = cozyplayTests;
			productReference = 8B733E26D6177784E5398556 /* cozyplayTests.xctest */;
			productType = "com.apple.product-type.bundle.unit-test";
		};
/* End PBXNativeTarget section */

/* Begin PBXProject section */
		DDA1320E9D88391431FA73DF /* Project object */ = {
			isa = PBXProject;
			attributes = {
				BuildIndependentTargetsInParallel = YES;
				LastUpgradeCheck = 1430;
				TargetAttributes = {
					265CA74A396E8899FD0B5423 = {
						DevelopmentTeam = 3L7TNSC992;
						ProvisioningStyle = Automatic;
					};
					B846B2A9719009E32CAF1E7D = {
						DevelopmentTeam = 3L7TNSC992;
					};
				};
			};
			buildConfigurationList = E23C7E50AD4699692465E221 /* Build configuration list for PBXProject "cozyplay" */;
			developmentRegion = en;
			hasScannedForEncodings = 0;
			knownRegions = (
				Base,
				en,
			);
			mainGroup = 2347ED5568DCC59B6C1BB4BF;
			minimizedProjectReferenceProxies = 1;
			preferredProjectObjectVersion = 77;
			productRefGroup = 1A27D568ED31D75E6CCAFE1E /* Products */;
			projectDirPath = "";
			projectRoot = "";
			targets = (
				265CA74A396E8899FD0B5423 /* cozyplay */,
				B846B2A9719009E32CAF1E7D /* cozyplayTests */,
			);
		};
/* End PBXProject section */

/* Begin PBXSourcesBuildPhase section */
		678602CC51BAF5557410D9A8 /* Sources */ = {
			isa = PBXSourcesBuildPhase;
			buildActionMask = 2147483647;
			files = (
				55EC09F57BF939408F769BA5 /* AppSettings.swift in Sources */,
				9B3A5D56348811107DB50A58 /* AppState.swift in Sources */,
				4010DF0B6C0E64CAE961F295 /* AudioMeter.swift in Sources */,
				F4BEAE877907F7B8DC0A377E /* AudioServer.swift in Sources */,
				D977DF77E3845348F46F027E /* BonjourBrowser.swift in Sources */,
				39DDA62B4E90F7A8983D9FEE /* ChunkAssembler.swift in Sources */,
				87C24DE5E1220C685CFEDD25 /* ClockSyncSpike.swift in Sources */,
				4ECF5499D748709E31D15D4C /* DeviceTileView.swift in Sources */,
				402425ADF77FB630A8B1EF66 /* EngineConstants.swift in Sources */,
				79B322889F654897945948B4 /* HostClock.swift in Sources */,
				1B8C2C5ECEC2216B46119ED4 /* HostController.swift in Sources */,
				2A9EA00F6AC09DD67B58D31E /* HostIdentity.swift in Sources */,
				DD926FCC5C69BE9ED7BA2F6B /* HostView.swift in Sources */,
				C78E1AE1C7F05D2DCBF30C1B /* JoinController.swift in Sources */,
				AFE327447E4F96C3C1200018 /* JoinView.swift in Sources */,
				0E5665644590D0BEAD942112 /* PCMConverter.swift in Sources */,
				F8D12240D24DCB4FADFB5D5D /* Party.swift in Sources */,
				5E17CD5B89B369A7A82062F4 /* PlaybackEngine.swift in Sources */,
				9E4497EDA2768F7CF1AB2A62 /* RolePickerView.swift in Sources */,
				6D939752599C5A900E921C8A /* SettingsView.swift in Sources */,
				89FACB97E929617DAD7CBA16 /* Speaker.swift in Sources */,
				74E6439D4DAB9BFBA3AA5B39 /* StreamClient.swift in Sources */,
				E47A8FF708963174AED7E444 /* SyncClock.swift in Sources */,
				9FA1ED3FEF3AE0315DE9C70F /* SystemAudioTap.swift in Sources */,
				8FD8D8331A4920DC94FF13CB /* TimelinePlacer.swift in Sources */,
				35C82F8DE9BBB7238E7D3AB6 /* TimelineRingBuffer.swift in Sources */,
				59E3758AF7123ED13C069FEA /* WireProtocol.swift in Sources */,
				4CE4C17FDE82179F17D3AACD /* cozyplayApp.swift in Sources */,
			);
			runOnlyForDeploymentPostprocessing = 0;
		};
		F99E51604283E68808339264 /* Sources */ = {
			isa = PBXSourcesBuildPhase;
			buildActionMask = 2147483647;
			files = (
				F3EF16B58A942C6594F0149B /* AudioMeter.swift in Sources */,
				8C63558738154142082352E5 /* AudioServer.swift in Sources */,
				2A4DA4362463760465C353CB /* BonjourBrowser.swift in Sources */,
				EAA7C4488FC25DDCDE194FF2 /* ChunkAssembler.swift in Sources */,
				743CCF58A72A94C9DAEA64C2 /* ClockSyncSpike.swift in Sources */,
				FF47A9E95932D0ED37E1C806 /* EngineBufferTests.swift in Sources */,
				B883A7FE96CA8F4C8D866865 /* EngineConstants.swift in Sources */,
				9B2949A3A6833D5757E84A32 /* HostClock.swift in Sources */,
				88E35DB661F91735A7275461 /* HostIdentity.swift in Sources */,
				4147DD012E9C52E629A63ADD /* PCMConverter.swift in Sources */,
				94F14E4E45D478E5EED35AA1 /* Party.swift in Sources */,
				EA5290966675CE85129F1001 /* PlaybackEngine.swift in Sources */,
				7CCF92DC1DA8CF17ABBB3955 /* Speaker.swift in Sources */,
				71207BDFFCECAAE68DCE9EDC /* StreamClient.swift in Sources */,
				E4FBE817F4D52F7BCC5A4EB7 /* SyncClock.swift in Sources */,
				C858253370A52F8B2634E490 /* SyncClockTests.swift in Sources */,
				3C71C63C1D9670B38A1B40F1 /* SystemAudioTap.swift in Sources */,
				ECC88E956FA8645B1CB3EC78 /* TimelinePlacer.swift in Sources */,
				1DB68296FC68B047081AD129 /* TimelinePlacerTests.swift in Sources */,
				17C8617125682AAE4C5ABD1E /* TimelineRingBuffer.swift in Sources */,
				ECCAB128F32062CE81B7949C /* WireProtocol.swift in Sources */,
				D22D22E4762035D9963F95A0 /* WireProtocolTests.swift in Sources */,
			);
			runOnlyForDeploymentPostprocessing = 0;
		};
/* End PBXSourcesBuildPhase section */

/* Begin XCBuildConfiguration section */
		47B9D024A59B6DCC9F7C44D5 /* Release */ = {
			isa = XCBuildConfiguration;
			buildSettings = {
				BUNDLE_LOADER = "$(TEST_HOST)";
				COMBINE_HIDPI_IMAGES = YES;
				DEVELOPMENT_TEAM = 3L7TNSC992;
				GENERATE_INFOPLIST_FILE = YES;
				LD_RUNPATH_SEARCH_PATHS = (
					"$(inherited)",
					"@executable_path/../Frameworks",
					"@loader_path/../Frameworks",
				);
				PRODUCT_BUNDLE_IDENTIFIER = dev.cozybrian.cozyplayTests;
				SDKROOT = macosx;
				SWIFT_OBJC_BRIDGING_HEADER = Sources/Engine/RTAtomics.h;
			};
			name = Release;
		};
		5C2E7B9E20576DD9BE6895FB /* Debug */ = {
			isa = XCBuildConfiguration;
			buildSettings = {
				ASSETCATALOG_COMPILER_APPICON_NAME = AppIcon;
				CODE_SIGN_ENTITLEMENTS = Support/cozyplay.entitlements;
				CODE_SIGN_STYLE = Automatic;
				COMBINE_HIDPI_IMAGES = YES;
				DEVELOPMENT_TEAM = 3L7TNSC992;
				GENERATE_INFOPLIST_FILE = NO;
				INFOPLIST_FILE = Support/Info.plist;
				LD_RUNPATH_SEARCH_PATHS = (
					"@executable_path/../Frameworks",
				);
				PRODUCT_BUNDLE_IDENTIFIER = dev.cozybrian.cozyplay;
				PRODUCT_NAME = cozyplay;
				SDKROOT = macosx;
				SWIFT_OBJC_BRIDGING_HEADER = Sources/Engine/RTAtomics.h;
			};
			name = Debug;
		};
		6E150135361828498F21CE21 /* Release */ = {
			isa = XCBuildConfiguration;
			buildSettings = {
				ALWAYS_SEARCH_USER_PATHS = NO;
				CLANG_ANALYZER_NONNULL = YES;
				CLANG_ANALYZER_NUMBER_OBJECT_CONVERSION = YES_AGGRESSIVE;
				CLANG_CXX_LANGUAGE_STANDARD = "gnu++14";
				CLANG_CXX_LIBRARY = "libc++";
				CLANG_ENABLE_MODULES = YES;
				CLANG_ENABLE_OBJC_ARC = YES;
				CLANG_ENABLE_OBJC_WEAK = YES;
				CLANG_WARN_BLOCK_CAPTURE_AUTORELEASING = YES;
				CLANG_WARN_BOOL_CONVERSION = YES;
				CLANG_WARN_COMMA = YES;
				CLANG_WARN_CONSTANT_CONVERSION = YES;
				CLANG_WARN_DEPRECATED_OBJC_IMPLEMENTATIONS = YES;
				CLANG_WARN_DIRECT_OBJC_ISA_USAGE = YES_ERROR;
				CLANG_WARN_DOCUMENTATION_COMMENTS = YES;
				CLANG_WARN_EMPTY_BODY = YES;
				CLANG_WARN_ENUM_CONVERSION = YES;
				CLANG_WARN_INFINITE_RECURSION = YES;
				CLANG_WARN_INT_CONVERSION = YES;
				CLANG_WARN_NON_LITERAL_NULL_CONVERSION = YES;
				CLANG_WARN_OBJC_IMPLICIT_RETAIN_SELF = YES;
				CLANG_WARN_OBJC_LITERAL_CONVERSION = YES;
				CLANG_WARN_OBJC_ROOT_CLASS = YES_ERROR;
				CLANG_WARN_QUOTED_INCLUDE_IN_FRAMEWORK_HEADER = YES;
				CLANG_WARN_RANGE_LOOP_ANALYSIS = YES;
				CLANG_WARN_STRICT_PROTOTYPES = YES;
				CLANG_WARN_SUSPICIOUS_MOVE = YES;
				CLANG_WARN_UNGUARDED_AVAILABILITY = YES_AGGRESSIVE;
				CLANG_WARN_UNREACHABLE_CODE = YES;
				CLANG_WARN__DUPLICATE_METHOD_MATCH = YES;
				COPY_PHASE_STRIP = NO;
				CURRENT_PROJECT_VERSION = 1;
				DEBUG_INFORMATION_FORMAT = "dwarf-with-dsym";
				ENABLE_HARDENED_RUNTIME = YES;
				ENABLE_NS_ASSERTIONS = NO;
				ENABLE_STRICT_OBJC_MSGSEND = YES;
				GCC_C_LANGUAGE_STANDARD = gnu11;
				GCC_NO_COMMON_BLOCKS = YES;
				GCC_WARN_64_TO_32_BIT_CONVERSION = YES;
				GCC_WARN_ABOUT_RETURN_TYPE = YES_ERROR;
				GCC_WARN_UNDECLARED_SELECTOR = YES;
				GCC_WARN_UNINITIALIZED_AUTOS = YES_AGGRESSIVE;
				GCC_WARN_UNUSED_FUNCTION = YES;
				GCC_WARN_UNUSED_VARIABLE = YES;
				MACOSX_DEPLOYMENT_TARGET = 14.4;
				MARKETING_VERSION = 0.0.1;
				MTL_ENABLE_DEBUG_INFO = NO;
				MTL_FAST_MATH = YES;
				PRODUCT_NAME = "$(TARGET_NAME)";
				SDKROOT = macosx;
				SWIFT_COMPILATION_MODE = wholemodule;
				SWIFT_OPTIMIZATION_LEVEL = "-O";
				SWIFT_VERSION = 5;
			};
			name = Release;
		};
		75B0C8F9988A1248C5007321 /* Debug */ = {
			isa = XCBuildConfiguration;
			buildSettings = {
				ALWAYS_SEARCH_USER_PATHS = NO;
				CLANG_ANALYZER_NONNULL = YES;
				CLANG_ANALYZER_NUMBER_OBJECT_CONVERSION = YES_AGGRESSIVE;
				CLANG_CXX_LANGUAGE_STANDARD = "gnu++14";
				CLANG_CXX_LIBRARY = "libc++";
				CLANG_ENABLE_MODULES = YES;
				CLANG_ENABLE_OBJC_ARC = YES;
				CLANG_ENABLE_OBJC_WEAK = YES;
				CLANG_WARN_BLOCK_CAPTURE_AUTORELEASING = YES;
				CLANG_WARN_BOOL_CONVERSION = YES;
				CLANG_WARN_COMMA = YES;
				CLANG_WARN_CONSTANT_CONVERSION = YES;
				CLANG_WARN_DEPRECATED_OBJC_IMPLEMENTATIONS = YES;
				CLANG_WARN_DIRECT_OBJC_ISA_USAGE = YES_ERROR;
				CLANG_WARN_DOCUMENTATION_COMMENTS = YES;
				CLANG_WARN_EMPTY_BODY = YES;
				CLANG_WARN_ENUM_CONVERSION = YES;
				CLANG_WARN_INFINITE_RECURSION = YES;
				CLANG_WARN_INT_CONVERSION = YES;
				CLANG_WARN_NON_LITERAL_NULL_CONVERSION = YES;
				CLANG_WARN_OBJC_IMPLICIT_RETAIN_SELF = YES;
				CLANG_WARN_OBJC_LITERAL_CONVERSION = YES;
				CLANG_WARN_OBJC_ROOT_CLASS = YES_ERROR;
				CLANG_WARN_QUOTED_INCLUDE_IN_FRAMEWORK_HEADER = YES;
				CLANG_WARN_RANGE_LOOP_ANALYSIS = YES;
				CLANG_WARN_STRICT_PROTOTYPES = YES;
				CLANG_WARN_SUSPICIOUS_MOVE = YES;
				CLANG_WARN_UNGUARDED_AVAILABILITY = YES_AGGRESSIVE;
				CLANG_WARN_UNREACHABLE_CODE = YES;
				CLANG_WARN__DUPLICATE_METHOD_MATCH = YES;
				COPY_PHASE_STRIP = NO;
				CURRENT_PROJECT_VERSION = 1;
				DEBUG_INFORMATION_FORMAT = dwarf;
				ENABLE_HARDENED_RUNTIME = YES;
				ENABLE_STRICT_OBJC_MSGSEND = YES;
				ENABLE_TESTABILITY = YES;
				GCC_C_LANGUAGE_STANDARD = gnu11;
				GCC_DYNAMIC_NO_PIC = NO;
				GCC_NO_COMMON_BLOCKS = YES;
				GCC_OPTIMIZATION_LEVEL = 0;
				GCC_PREPROCESSOR_DEFINITIONS = (
					"$(inherited)",
					"DEBUG=1",
				);
				GCC_WARN_64_TO_32_BIT_CONVERSION = YES;
				GCC_WARN_ABOUT_RETURN_TYPE = YES_ERROR;
				GCC_WARN_UNDECLARED_SELECTOR = YES;
				GCC_WARN_UNINITIALIZED_AUTOS = YES_AGGRESSIVE;
				GCC_WARN_UNUSED_FUNCTION = YES;
				GCC_WARN_UNUSED_VARIABLE = YES;
				MACOSX_DEPLOYMENT_TARGET = 14.4;
				MARKETING_VERSION = 0.0.1;
				MTL_ENABLE_DEBUG_INFO = INCLUDE_SOURCE;
				MTL_FAST_MATH = YES;
				ONLY_ACTIVE_ARCH = YES;
				PRODUCT_NAME = "$(TARGET_NAME)";
				SDKROOT = macosx;
				SWIFT_ACTIVE_COMPILATION_CONDITIONS = DEBUG;
				SWIFT_OPTIMIZATION_LEVEL = "-Onone";
				SWIFT_VERSION = 5;
			};
			name = Debug;
		};
		85C345F7E37A5D47CA4F2C67 /* Release */ = {
			isa = XCBuildConfiguration;
			buildSettings = {
				ASSETCATALOG_COMPILER_APPICON_NAME = AppIcon;
				CODE_SIGN_ENTITLEMENTS = Support/cozyplay.entitlements;
				CODE_SIGN_STYLE = Automatic;
				COMBINE_HIDPI_IMAGES = YES;
				DEVELOPMENT_TEAM = 3L7TNSC992;
				GENERATE_INFOPLIST_FILE = NO;
				INFOPLIST_FILE = Support/Info.plist;
				LD_RUNPATH_SEARCH_PATHS = (
					"@executable_path/../Frameworks",
				);
				PRODUCT_BUNDLE_IDENTIFIER = dev.cozybrian.cozyplay;
				PRODUCT_NAME = cozyplay;
				SDKROOT = macosx;
				SWIFT_OBJC_BRIDGING_HEADER = Sources/Engine/RTAtomics.h;
			};
			name = Release;
		};
		B8A2F25AE35419521C604FBF /* Debug */ = {
			isa = XCBuildConfiguration;
			buildSettings = {
				BUNDLE_LOADER = "$(TEST_HOST)";
				COMBINE_HIDPI_IMAGES = YES;
				DEVELOPMENT_TEAM = 3L7TNSC992;
				GENERATE_INFOPLIST_FILE = YES;
				LD_RUNPATH_SEARCH_PATHS = (
					"$(inherited)",
					"@executable_path/../Frameworks",
					"@loader_path/../Frameworks",
				);
				PRODUCT_BUNDLE_IDENTIFIER = dev.cozybrian.cozyplayTests;
				SDKROOT = macosx;
				SWIFT_OBJC_BRIDGING_HEADER = Sources/Engine/RTAtomics.h;
			};
			name = Debug;
		};
/* End XCBuildConfiguration section */

/* Begin XCConfigurationList section */
		50E933D6C972C53A9E9F4CE8 /* Build configuration list for PBXNativeTarget "cozyplay" */ = {
			isa = XCConfigurationList;
			buildConfigurations = (
				5C2E7B9E20576DD9BE6895FB /* Debug */,
				85C345F7E37A5D47CA4F2C67 /* Release */,
			);
			defaultConfigurationIsVisible = 0;
			defaultConfigurationName = Debug;
		};
		639E26B0012D3E98871A0CAD /* Build configuration list for PBXNativeTarget "cozyplayTests" */ = {
			isa = XCConfigurationList;
			buildConfigurations = (
				B8A2F25AE35419521C604FBF /* Debug */,
				47B9D024A59B6DCC9F7C44D5 /* Release */,
			);
			defaultConfigurationIsVisible = 0;
			defaultConfigurationName = Debug;
		};
		E23C7E50AD4699692465E221 /* Build configuration list for PBXProject "cozyplay" */ = {
			isa = XCConfigurationList;
			buildConfigurations = (
				75B0C8F9988A1248C5007321 /* Debug */,
				6E150135361828498F21CE21 /* Release */,
			);
			defaultConfigurationIsVisible = 0;
			defaultConfigurationName = Debug;
		};
/* End XCConfigurationList section */
	};
	rootObject = DDA1320E9D88391431FA73DF /* Project object */;
}
